lockfileVersion: "9.0"

settings:
  autoInstallPeers: true
  excludeLinksFromLockfile: false

importers:
  .:
    dependencies:
      random-useragent:
        specifier: ^0.5.0
        version: 0.5.0
    devDependencies:
      "@types/random-useragent":
        specifier: ^0.3.3
        version: 0.3.3
      typescript:
        specifier: ^5.8.3
        version: 5.8.3

packages:
  "@types/random-useragent@0.3.3":
    resolution:
      {
        integrity: sha512-FsJ5opTEaHjWaOcfmA+Y74pNjiO2ggred9W5+e6SDDP7UCWVNFGRZAxIbMRceX0/pnffOt50D9HK+y13CfERcw==,
      }

  json-stringify-safe@5.0.1:
    resolution:
      {
        integrity: sha512-ZClg6AaYvamvYEE82d3Iyd3vSSIjQ+odgjaTzRuO3s7toCdFKczob2i0zCh7JE8kWn17yvAWhUVxvqGwUalsRA==,
      }

  random-seed@0.3.0:
    resolution:
      {
        integrity: sha512-y13xtn3kcTlLub3HKWXxJNeC2qK4mB59evwZ5EkeRlolx+Bp2ztF7LbcZmyCnOqlHQrLnfuNbi1sVmm9lPDlDA==,
      }
    engines: { node: ">= 0.6.0" }

  random-useragent@0.5.0:
    resolution:
      {
        integrity: sha512-FUMkqVdZeoSff5tErNL3FFGYXElDWZ1bEuedhm5u9MdCFwANriJWbHvDRYrLTOzp/fBsBGu5J1cWtDgifa97aQ==,
      }

  typescript@5.8.3:
    resolution:
      {
        integrity: sha512-p1diW6TqL9L07nNxvRMM7hMMw4c5XOo/1ibL4aAIGmSAt9slTE1Xgw5KWuof2uTOvCg9BY7ZRi+GaF+7sfgPeQ==,
      }
    engines: { node: ">=14.17" }
    hasBin: true

snapshots:
  "@types/random-useragent@0.3.3": {}

  json-stringify-safe@5.0.1: {}

  random-seed@0.3.0:
    dependencies:
      json-stringify-safe: 5.0.1

  random-useragent@0.5.0:
    dependencies:
      random-seed: 0.3.0

  typescript@5.8.3: {}
