lockfileVersion: '9.0'

settings:
  autoInstallPeers: true
  excludeLinksFromLockfile: false

importers:

  .:
    dependencies:
      user-agents:
        specifier: ^1.1.561
        version: 1.1.561
    devDependencies:
      '@types/user-agents':
        specifier: ^1.0.4
        version: 1.0.4
      typescript:
        specifier: ^5.8.3
        version: 5.8.3

packages:

  '@types/user-agents@1.0.4':
    resolution: {integrity: sha512-AjeFc4oX5WPPflgKfRWWJfkEk7Wu82fnj1rROPsiqFt6yElpdGFg8Srtm/4PU4rA9UiDUZlruGPgcwTMQlwq4w==}

  lodash.clonedeep@4.5.0:
    resolution: {integrity: sha512-H5ZhCF25riFd9uB5UCkVKo61m3S/xZk1x4wA6yp/L3RFP6Z/eHH1ymQcGLo7J3GMPfm0V/7m1tryHuGVxpqEBQ==}

  typescript@5.8.3:
    resolution: {integrity: sha512-p1diW6TqL9L07nNxvRMM7hMMw4c5XOo/1ibL4aAIGmSAt9slTE1Xgw5KWuof2uTOvCg9BY7ZRi+GaF+7sfgPeQ==}
    engines: {node: '>=14.17'}
    hasBin: true

  user-agents@1.1.561:
    resolution: {integrity: sha512-HetbdjLL+7+dnEFVKE+6qm2k8hK4oGM9ihOasAFkqQn2+8xC0guyO0q2Uv4IlTtsJ9f0sGZb1H/OwkAggZxjxA==}

snapshots:

  '@types/user-agents@1.0.4': {}

  lodash.clonedeep@4.5.0: {}

  typescript@5.8.3: {}

  user-agents@1.1.561:
    dependencies:
      lodash.clonedeep: 4.5.0
